
Microsoft Visual Studio Solution File, Format Version 12.00
# Visual Studio Version 16
VisualStudioVersion = 16.0.28902.138
MinimumVisualStudioVersion = 10.0.40219.1
Project("{FAE04EC0-301F-11D3-BF4B-00C04F79EFBC}") = "BowlingGame", "BowlingGame\BowlingGame.csproj", "{2C1D16B1-0163-422E-B2D1-08F3C330469D}"
EndProject
Global
	GlobalSection(SolutionConfigurationPlatforms) = preSolution
		Debug|Any CPU = Debug|Any CPU
		Release|Any CPU = Release|Any CPU
	EndGlobalSection
	GlobalSection(ProjectConfigurationPlatforms) = postSolution
		{2C1D16B1-0163-422E-B2D1-08F3C330469D}.Debug|Any CPU.ActiveCfg = Debug|Any CPU
		{2C1D16B1-0163-422E-B2D1-08F3C330469D}.Debug|Any CPU.Build.0 = Debug|Any CPU
		{2C1D16B1-0163-422E-B2D1-08F3C330469D}.Release|Any CPU.ActiveCfg = Release|Any CPU
		{2C1D16B1-0163-422E-B2D1-08F3C330469D}.Release|Any CPU.Build.0 = Release|Any CPU
	EndGlobalSection
	GlobalSection(SolutionProperties) = preSolution
		HideSolutionNode = FALSE
	EndGlobalSection
	GlobalSection(ExtensibilityGlobals) = postSolution
		SolutionGuid = {8EECE7B2-C030-48D6-B450-2E5448C591BE}
	EndGlobalSection
EndGlobal
